
Microsoft Visual Studio Solution File, Format Version 12.00
# Visual Studio Version 16
VisualStudioVersion = 16.0.29102.190
MinimumVisualStudioVersion = 10.0.40219.1
Project("{9A19103F-16F7-4668-BE54-9A1E7A4F7556}") = "Backend.API", "Backend.API\Backend.API.csproj", "{59F38148-8DF7-41C6-BA4C-D61DD9A465D5}"
EndProject
Project("{9A19103F-16F7-4668-BE54-9A1E7A4F7556}") = "Backend.API.Tests", "Backend.API.Tests\Backend.API.Tests.csproj", "{A93DBB22-FA58-4487-8391-3A2178BC6B02}"
EndProject
Project("{9A19103F-16F7-4668-BE54-9A1E7A4F7556}") = "Common.Currency", "Common.Currency\Common.Currency.csproj", "{A02563E8-F6FA-4D1A-9334-BB64B700C586}"
EndProject
Project("{9A19103F-16F7-4668-BE54-9A1E7A4F7556}") = "Backend.Domain", "Backend.Domain\Backend.Domain.csproj", "{D6E2B6ED-E918-4BC2-BB5E-378AE4F5376F}"
EndProject
Project("{9A19103F-16F7-4668-BE54-9A1E7A4F7556}") = "Backend.Storage", "Backend.Storage\Backend.Storage.csproj", "{186C0D05-E72E-44CA-85ED-9F981BA7318C}"
EndProject
Project("{9A19103F-16F7-4668-BE54-9A1E7A4F7556}") = "Backend.Storage.EntityFrameworkCore", "Backend.Storage.EntityFrameworkCore\Backend.Storage.EntityFrameworkCore.csproj", "{743B7E1F-8545-471B-9D68-545E2099BF4A}"
EndProject
Project("{FAE04EC0-301F-11D3-BF4B-00C04F79EFBC}") = "Backend.Foundation", "Backend.Foundation\Backend.Foundation.csproj", "{05092D6D-1D1D-4EDA-A964-B32BFAD9D35A}"
EndProject
Project("{FAE04EC0-301F-11D3-BF4B-00C04F79EFBC}") = "Common.Utils", "Common.Utils\Common.Utils.csproj", "{26073795-1F50-4B9B-95AC-0626E52FD277}"
EndProject
Project("{FAE04EC0-301F-11D3-BF4B-00C04F79EFBC}") = "Common.Currency.Fixer", "Common.Currency.Fixer\Common.Currency.Fixer.csproj", "{8CEAA34B-9DB6-416D-942D-890B144A0962}"
EndProject
Global
	GlobalSection(SolutionConfigurationPlatforms) = preSolution
		Debug|Any CPU = Debug|Any CPU
		Release|Any CPU = Release|Any CPU
	EndGlobalSection
	GlobalSection(ProjectConfigurationPlatforms) = postSolution
		{59F38148-8DF7-41C6-BA4C-D61DD9A465D5}.Debug|Any CPU.ActiveCfg = Debug|Any CPU
		{59F38148-8DF7-41C6-BA4C-D61DD9A465D5}.Debug|Any CPU.Build.0 = Debug|Any CPU
		{59F38148-8DF7-41C6-BA4C-D61DD9A465D5}.Release|Any CPU.ActiveCfg = Release|Any CPU
		{59F38148-8DF7-41C6-BA4C-D61DD9A465D5}.Release|Any CPU.Build.0 = Release|Any CPU
		{A93DBB22-FA58-4487-8391-3A2178BC6B02}.Debug|Any CPU.ActiveCfg = Debug|Any CPU
		{A93DBB22-FA58-4487-8391-3A2178BC6B02}.Debug|Any CPU.Build.0 = Debug|Any CPU
		{A93DBB22-FA58-4487-8391-3A2178BC6B02}.Release|Any CPU.ActiveCfg = Release|Any CPU
		{A93DBB22-FA58-4487-8391-3A2178BC6B02}.Release|Any CPU.Build.0 = Release|Any CPU
		{A02563E8-F6FA-4D1A-9334-BB64B700C586}.Debug|Any CPU.ActiveCfg = Debug|Any CPU
		{A02563E8-F6FA-4D1A-9334-BB64B700C586}.Debug|Any CPU.Build.0 = Debug|Any CPU
		{A02563E8-F6FA-4D1A-9334-BB64B700C586}.Release|Any CPU.ActiveCfg = Release|Any CPU
		{A02563E8-F6FA-4D1A-9334-BB64B700C586}.Release|Any CPU.Build.0 = Release|Any CPU
		{D6E2B6ED-E918-4BC2-BB5E-378AE4F5376F}.Debug|Any CPU.ActiveCfg = Debug|Any CPU
		{D6E2B6ED-E918-4BC2-BB5E-378AE4F5376F}.Debug|Any CPU.Build.0 = Debug|Any CPU
		{D6E2B6ED-E918-4BC2-BB5E-378AE4F5376F}.Release|Any CPU.ActiveCfg = Release|Any CPU
		{D6E2B6ED-E918-4BC2-BB5E-378AE4F5376F}.Release|Any CPU.Build.0 = Release|Any CPU
		{186C0D05-E72E-44CA-85ED-9F981BA7318C}.Debug|Any CPU.ActiveCfg = Debug|Any CPU
		{186C0D05-E72E-44CA-85ED-9F981BA7318C}.Debug|Any CPU.Build.0 = Debug|Any CPU
		{186C0D05-E72E-44CA-85ED-9F981BA7318C}.Release|Any CPU.ActiveCfg = Release|Any CPU
		{186C0D05-E72E-44CA-85ED-9F981BA7318C}.Release|Any CPU.Build.0 = Release|Any CPU
		{743B7E1F-8545-471B-9D68-545E2099BF4A}.Debug|Any CPU.ActiveCfg = Debug|Any CPU
		{743B7E1F-8545-471B-9D68-545E2099BF4A}.Debug|Any CPU.Build.0 = Debug|Any CPU
		{743B7E1F-8545-471B-9D68-545E2099BF4A}.Release|Any CPU.ActiveCfg = Release|Any CPU
		{743B7E1F-8545-471B-9D68-545E2099BF4A}.Release|Any CPU.Build.0 = Release|Any CPU
		{05092D6D-1D1D-4EDA-A964-B32BFAD9D35A}.Debug|Any CPU.ActiveCfg = Debug|Any CPU
		{05092D6D-1D1D-4EDA-A964-B32BFAD9D35A}.Debug|Any CPU.Build.0 = Debug|Any CPU
		{05092D6D-1D1D-4EDA-A964-B32BFAD9D35A}.Release|Any CPU.ActiveCfg = Release|Any CPU
		{05092D6D-1D1D-4EDA-A964-B32BFAD9D35A}.Release|Any CPU.Build.0 = Release|Any CPU
		{26073795-1F50-4B9B-95AC-0626E52FD277}.Debug|Any CPU.ActiveCfg = Debug|Any CPU
		{26073795-1F50-4B9B-95AC-0626E52FD277}.Debug|Any CPU.Build.0 = Debug|Any CPU
		{26073795-1F50-4B9B-95AC-0626E52FD277}.Release|Any CPU.ActiveCfg = Release|Any CPU
		{26073795-1F50-4B9B-95AC-0626E52FD277}.Release|Any CPU.Build.0 = Release|Any CPU
		{8CEAA34B-9DB6-416D-942D-890B144A0962}.Debug|Any CPU.ActiveCfg = Debug|Any CPU
		{8CEAA34B-9DB6-416D-942D-890B144A0962}.Debug|Any CPU.Build.0 = Debug|Any CPU
		{8CEAA34B-9DB6-416D-942D-890B144A0962}.Release|Any CPU.ActiveCfg = Release|Any CPU
		{8CEAA34B-9DB6-416D-942D-890B144A0962}.Release|Any CPU.Build.0 = Release|Any CPU
	EndGlobalSection
	GlobalSection(SolutionProperties) = preSolution
		HideSolutionNode = FALSE
	EndGlobalSection
	GlobalSection(ExtensibilityGlobals) = postSolution
		SolutionGuid = {AD02DE40-D234-4DB6-ACEA-59B6C446E30F}
	EndGlobalSection
EndGlobal
